
Microsoft Visual Studio Solution File, Format Version 12.00
# Visual Studio Version 17
VisualStudioVersion = 17.13.35825.156 d17.13
MinimumVisualStudioVersion = 10.0.40219.1
Project("{FAE04EC0-301F-11D3-BF4B-00C04F79EFBC}") = "FaceIDApp", "FaceIDApp.csproj", "{52E0E8DE-A732-4953-AB4E-222D954B0EDF}"
EndProject
Global
	GlobalSection(SolutionConfigurationPlatforms) = preSolution
		Debug|Any CPU = Debug|Any CPU
		Release|Any CPU = Release|Any CPU
	EndGlobalSection
	GlobalSection(ProjectConfigurationPlatforms) = postSolution
		{52E0E8DE-A732-4953-AB4E-222D954B0EDF}.Debug|Any CPU.ActiveCfg = Debug|Any CPU
		{52E0E8DE-A732-4953-AB4E-222D954B0EDF}.Debug|Any CPU.Build.0 = Debug|Any CPU
		{52E0E8DE-A732-4953-AB4E-222D954B0EDF}.Release|Any CPU.ActiveCfg = Release|Any CPU
		{52E0E8DE-A732-4953-AB4E-222D954B0EDF}.Release|Any CPU.Build.0 = Release|Any CPU
	EndGlobalSection
	GlobalSection(SolutionProperties) = preSolution
		HideSolutionNode = FALSE
	EndGlobalSection
	GlobalSection(ExtensibilityGlobals) = postSolution
		SolutionGuid = {CE80689C-A4B4-4E7B-BBB4-FEE084709041}
	EndGlobalSection
EndGlobal
